dependencies:
- name: postgresql
  repository: https://charts.bitnami.com/bitnami
  version: 11.0.4
- name: neo4j
  repository: https://neo4j-contrib.github.io/neo4j-helm
  version: 4.4.3
- name: elasticsearch
  repository: https://helm.elastic.co
  version: 7.16.3
- name: redis
  repository: https://charts.bitnami.com/bitnami
  version: 16.2.0
digest: sha256:c0ef04fdf66584711cf11dbe4c73313b58c7413506804a27d531532967241ad0
generated: "2022-02-16T02:58:36.519945-06:00"
