dependencies:
- name: postgresql
  repository: https://charts.bitnami.com/bitnami
  version: 10.14.0
- name: neo4j
  repository: https://neo4j-contrib.github.io/neo4j-helm
  version: 4.4.1
- name: elasticsearch
  repository: https://helm.elastic.co
  version: 7.16.2
- name: redis
  repository: https://charts.bitnami.com/bitnami
  version: 15.6.10
digest: sha256:c87dc4f791f5a92c458e354f82ddd24f3359a2c32e2bf4f739b0ee6d0dcbce7e
generated: "2021-12-28T21:57:00.752813-06:00"
