dependencies:
- name: postgresql
  repository: https://charts.bitnami.com/bitnami
  version: 10.16.2
- name: neo4j
  repository: https://neo4j-contrib.github.io/neo4j-helm
  version: 4.4.3
- name: elasticsearch
  repository: https://helm.elastic.co
  version: 7.16.3
- name: redis
  repository: https://charts.bitnami.com/bitnami
  version: 16.2.0
digest: sha256:2eed73ddd1b21f91b43b858afdf453466083810899f04afe862c7b104621bd21
generated: "2022-01-28T03:31:28.401031-06:00"
