{
    "_meta": {
        "hash": {
            "sha256": "d7af3072c98c68c8d52838fa6d3817063ce1b8c790bcdb5a1d656083ebadda8e"
        },
        "pipfile-spec": 6,
        "requires": {
            "python_version": "3.10"
        },
        "sources": [
            {
                "name": "pypi",
                "url": "https://pypi.org/simple",
                "verify_ssl": true
            }
        ]
    },
    "default": {
        "blinker": {
            "hashes": [
                "sha256:471aee25f3992bd325afa3772f1063dbdbbca947a041b8b89466dc00d606f8b6"
            ],
            "version": "==1.4"
        },
        "certifi": {
            "hashes": [
                "sha256:78884e7c1d4b00ce3cea67b44566851c4343c120abd683433ce934a68ea58872",
                "sha256:d62a0163eb4c2344ac042ab2bdf75399a71a2d8c7d47eac2e2ee91b9d6339569"
            ],
            "version": "==2021.10.8"
        },
        "click": {
            "hashes": [
                "sha256:353f466495adaeb40b6b5f592f9f91cb22372351c84caeb068132442a4518ef3",
                "sha256:410e932b050f5eed773c4cda94de75971c89cdb3155a72a0831139a79e5ecb5b"
            ],
            "markers": "python_version >= '3.6'",
            "version": "==8.0.3"
        },
        "deprecated": {
            "hashes": [
                "sha256:43ac5335da90c31c24ba028af536a91d41d53f9e6901ddb021bcc572ce44e38d",
                "sha256:64756e3e14c8c5eea9795d93c524551432a0be75629f8f29e67ab8caf076c76d"
            ],
            "markers": "python_version >= '2.7' and python_version not in '3.0, 3.1, 3.2, 3.3'",
            "version": "==1.2.13"
        },
        "elastic-apm": {
            "extras": [
                "flask"
            ],
            "hashes": [
                "sha256:219c239282c4de01cfa616dda0566cc46729c1b53185226ca1e46b9fa14d9caa",
                "sha256:2c142b9b7d45b1c395ac17aa0447535671e0d3316093d44495bc85e10a42cb89",
                "sha256:2dd38d1f77040d982b6a8769c31215ba03fb0edac99fce481440f683565ecf9b",
                "sha256:3f598f92cd3b05857a449bd203188c0e45860cd829a1e09e7668a1b12a9e7979",
                "sha256:47792765747e13a05811d1bbe849c17e074056b3d970cdb439f17e224ba06330",
                "sha256:555a6e8a4e0bc5302ee004eb6a106372015491b6c0a314f0924e4f818ece1116",
                "sha256:5b0a925203d4c9f77573fbf94ef9de5a3de565194a1f6c487b0f9644fc2d0264",
                "sha256:61c593de26e51875aba80345054c12253faf9603be9909b1699e1e64ebe50760",
                "sha256:6831e9b8fbad76ec4c9d07c8b3141c19964ac7a4ea4c502653744cfc02772aa5",
                "sha256:7431abcfd07b6a0d07b03c6d9ba23c39e0a1366bf76ec04b0ca87ca608b72e13",
                "sha256:7d057b717e9c701facd96daf716f6af170e1ea973f11beaa52a52dd6ad801466",
                "sha256:8734fafd770b9aa100cfd2b490e737fe5e0ae7c6b9e2582490f97098722b8ca8",
                "sha256:b4d853d74381c356ca4c4a42f4a4b51a1933128793aebf1af32d74633a500205",
                "sha256:c5d705c12dd9701592887a8abb842cde5698b4dfa296e24c3fa5d1a69231df52",
                "sha256:cfa659534547643f8672999919c691b78c9907e3f683ef618a86f28a99f39d81",
                "sha256:d9354dbf7bc0c08105870caa9294db5cf506c73d7125468024f6a13f276cf6af",
                "sha256:d9a94be583ef2ef3edf00dd05ef83ec57bf4ce38010d0ad11b5baa11ccb19d82",
                "sha256:f607e5e40ff74f515be8681f892d78e5025aab82793e9e1c3316e9a8136402e6",
                "sha256:f8009e1e9e1e5e38e657c7e93a27bb5aa50ec334ec747b4a74360bc204770264",
                "sha256:fbb8df15d86eca54f9431e54b61aeea892fbb8cc2b090df926f3f165a6ab55b0",
                "sha256:fdae0521793c4c4a8863e2bdd9e73d0d581ea593b7a72317fd91e1242ecee2f8"
            ],
            "index": "pypi",
            "version": "==6.7.2"
        },
        "flask": {
            "hashes": [
                "sha256:7b2fb8e934ddd50731893bdcdb00fc8c0315916f9fcd50d22c7cc1a95ab634e2",
                "sha256:cb90f62f1d8e4dc4621f52106613488b5ba826b2e1e10a33eac92f723093ab6a"
            ],
            "index": "pypi",
            "version": "==2.0.2"
        },
        "flask-caching": {
            "hashes": [
                "sha256:bcda8acbc7508e31e50f63e9b1ab83185b446f6b6318bd9dd1d45626fba2e903",
                "sha256:cf19b722fcebc2ba03e4ae7c55b532ed53f0cbf683ce36fafe5e881789a01c00"
            ],
            "index": "pypi",
            "version": "==1.10.1"
        },
        "flask-marshmallow": {
            "hashes": [
                "sha256:2adcd782b5a4a6c5ae3c96701f320d8ca6997995a52b2661093c56cc3ed24754",
                "sha256:bd01a6372cbe50e36f205cfff0fc5dab0b7b662c4c8b2c4fc06a3151b2950950"
            ],
            "index": "pypi",
            "version": "==0.14.0"
        },
        "gunicorn": {
            "hashes": [
                "sha256:9dcc4547dbb1cb284accfb15ab5667a0e5d1881cc443e0677b4882a4067a807e",
                "sha256:e0a968b5ba15f8a328fdfd7ab1fcb5af4470c28aaf7e55df02a99bc13138e6e8"
            ],
            "index": "pypi",
            "version": "==20.1.0"
        },
        "itsdangerous": {
            "hashes": [
                "sha256:5174094b9637652bdb841a3029700391451bd092ba3db90600dea710ba28e97c",
                "sha256:9e724d68fc22902a1435351f84c3fb8623f303fffcc566a4cb952df8c572cff0"
            ],
            "markers": "python_version >= '3.6'",
            "version": "==2.0.1"
        },
        "jinja2": {
            "hashes": [
                "sha256:077ce6014f7b40d03b47d1f1ca4b0fc8328a692bd284016f806ed0eaca390ad8",
                "sha256:611bb273cd68f3b993fabdc4064fc858c5b47a973cb5aa7999ec1ba405c87cd7"
            ],
            "markers": "python_version >= '3.6'",
            "version": "==3.0.3"
        },
        "markupsafe": {
            "hashes": [
                "sha256:01a9b8ea66f1658938f65b93a85ebe8bc016e6769611be228d797c9d998dd298",
                "sha256:023cb26ec21ece8dc3907c0e8320058b2e0cb3c55cf9564da612bc325bed5e64",
                "sha256:0446679737af14f45767963a1a9ef7620189912317d095f2d9ffa183a4d25d2b",
                "sha256:04635854b943835a6ea959e948d19dcd311762c5c0c6e1f0e16ee57022669194",
                "sha256:0717a7390a68be14b8c793ba258e075c6f4ca819f15edfc2a3a027c823718567",
                "sha256:0955295dd5eec6cb6cc2fe1698f4c6d84af2e92de33fbcac4111913cd100a6ff",
                "sha256:0d4b31cc67ab36e3392bbf3862cfbadac3db12bdd8b02a2731f509ed5b829724",
                "sha256:10f82115e21dc0dfec9ab5c0223652f7197feb168c940f3ef61563fc2d6beb74",
                "sha256:168cd0a3642de83558a5153c8bd34f175a9a6e7f6dc6384b9655d2697312a646",
                "sha256:1d609f577dc6e1aa17d746f8bd3c31aa4d258f4070d61b2aa5c4166c1539de35",
                "sha256:1f2ade76b9903f39aa442b4aadd2177decb66525062db244b35d71d0ee8599b6",
                "sha256:20dca64a3ef2d6e4d5d615a3fd418ad3bde77a47ec8a23d984a12b5b4c74491a",
                "sha256:2a7d351cbd8cfeb19ca00de495e224dea7e7d919659c2841bbb7f420ad03e2d6",
                "sha256:2d7d807855b419fc2ed3e631034685db6079889a1f01d5d9dac950f764da3dad",
                "sha256:2ef54abee730b502252bcdf31b10dacb0a416229b72c18b19e24a4509f273d26",
                "sha256:36bc903cbb393720fad60fc28c10de6acf10dc6cc883f3e24ee4012371399a38",
                "sha256:37205cac2a79194e3750b0af2a5720d95f786a55ce7df90c3af697bfa100eaac",
                "sha256:3c112550557578c26af18a1ccc9e090bfe03832ae994343cfdacd287db6a6ae7",
                "sha256:3dd007d54ee88b46be476e293f48c85048603f5f516008bee124ddd891398ed6",
                "sha256:4296f2b1ce8c86a6aea78613c34bb1a672ea0e3de9c6ba08a960efe0b0a09047",
                "sha256:47ab1e7b91c098ab893b828deafa1203de86d0bc6ab587b160f78fe6c4011f75",
                "sha256:49e3ceeabbfb9d66c3aef5af3a60cc43b85c33df25ce03d0031a608b0a8b2e3f",
                "sha256:4dc8f9fb58f7364b63fd9f85013b780ef83c11857ae79f2feda41e270468dd9b",
                "sha256:4efca8f86c54b22348a5467704e3fec767b2db12fc39c6d963168ab1d3fc9135",
                "sha256:53edb4da6925ad13c07b6d26c2a852bd81e364f95301c66e930ab2aef5b5ddd8",
                "sha256:5855f8438a7d1d458206a2466bf82b0f104a3724bf96a1c781ab731e4201731a",
                "sha256:594c67807fb16238b30c44bdf74f36c02cdf22d1c8cda91ef8a0ed8dabf5620a",
                "sha256:5b6d930f030f8ed98e3e6c98ffa0652bdb82601e7a016ec2ab5d7ff23baa78d1",
                "sha256:5bb28c636d87e840583ee3adeb78172efc47c8b26127267f54a9c0ec251d41a9",
                "sha256:60bf42e36abfaf9aff1f50f52644b336d4f0a3fd6d8a60ca0d054ac9f713a864",
                "sha256:611d1ad9a4288cf3e3c16014564df047fe08410e628f89805e475368bd304914",
                "sha256:6300b8454aa6930a24b9618fbb54b5a68135092bc666f7b06901f897fa5c2fee",
                "sha256:63f3268ba69ace99cab4e3e3b5840b03340efed0948ab8f78d2fd87ee5442a4f",
                "sha256:6557b31b5e2c9ddf0de32a691f2312a32f77cd7681d8af66c2692efdbef84c18",
                "sha256:693ce3f9e70a6cf7d2fb9e6c9d8b204b6b39897a2c4a1aa65728d5ac97dcc1d8",
                "sha256:6a7fae0dd14cf60ad5ff42baa2e95727c3d81ded453457771d02b7d2b3f9c0c2",
                "sha256:6c4ca60fa24e85fe25b912b01e62cb969d69a23a5d5867682dd3e80b5b02581d",
                "sha256:6fcf051089389abe060c9cd7caa212c707e58153afa2c649f00346ce6d260f1b",
                "sha256:7d91275b0245b1da4d4cfa07e0faedd5b0812efc15b702576d103293e252af1b",
                "sha256:89c687013cb1cd489a0f0ac24febe8c7a666e6e221b783e53ac50ebf68e45d86",
                "sha256:8d206346619592c6200148b01a2142798c989edcb9c896f9ac9722a99d4e77e6",
                "sha256:905fec760bd2fa1388bb5b489ee8ee5f7291d692638ea5f67982d968366bef9f",
                "sha256:97383d78eb34da7e1fa37dd273c20ad4320929af65d156e35a5e2d89566d9dfb",
                "sha256:984d76483eb32f1bcb536dc27e4ad56bba4baa70be32fa87152832cdd9db0833",
                "sha256:99df47edb6bda1249d3e80fdabb1dab8c08ef3975f69aed437cb69d0a5de1e28",
                "sha256:9f02365d4e99430a12647f09b6cc8bab61a6564363f313126f775eb4f6ef798e",
                "sha256:a30e67a65b53ea0a5e62fe23682cfe22712e01f453b95233b25502f7c61cb415",
                "sha256:ab3ef638ace319fa26553db0624c4699e31a28bb2a835c5faca8f8acf6a5a902",
                "sha256:aca6377c0cb8a8253e493c6b451565ac77e98c2951c45f913e0b52facdcff83f",
                "sha256:add36cb2dbb8b736611303cd3bfcee00afd96471b09cda130da3581cbdc56a6d",
                "sha256:b2f4bf27480f5e5e8ce285a8c8fd176c0b03e93dcc6646477d4630e83440c6a9",
                "sha256:b7f2d075102dc8c794cbde1947378051c4e5180d52d276987b8d28a3bd58c17d",
                "sha256:baa1a4e8f868845af802979fcdbf0bb11f94f1cb7ced4c4b8a351bb60d108145",
                "sha256:be98f628055368795d818ebf93da628541e10b75b41c559fdf36d104c5787066",
                "sha256:bf5d821ffabf0ef3533c39c518f3357b171a1651c1ff6827325e4489b0e46c3c",
                "sha256:c47adbc92fc1bb2b3274c4b3a43ae0e4573d9fbff4f54cd484555edbf030baf1",
                "sha256:cdfba22ea2f0029c9261a4bd07e830a8da012291fbe44dc794e488b6c9bb353a",
                "sha256:d6c7ebd4e944c85e2c3421e612a7057a2f48d478d79e61800d81468a8d842207",
                "sha256:d7f9850398e85aba693bb640262d3611788b1f29a79f0c93c565694658f4071f",
                "sha256:d8446c54dc28c01e5a2dbac5a25f071f6653e6e40f3a8818e8b45d790fe6ef53",
                "sha256:deb993cacb280823246a026e3b2d81c493c53de6acfd5e6bfe31ab3402bb37dd",
                "sha256:e0f138900af21926a02425cf736db95be9f4af72ba1bb21453432a07f6082134",
                "sha256:e9936f0b261d4df76ad22f8fee3ae83b60d7c3e871292cd42f40b81b70afae85",
                "sha256:f0567c4dc99f264f49fe27da5f735f414c4e7e7dd850cfd8e69f0862d7c74ea9",
                "sha256:f5653a225f31e113b152e56f154ccbe59eeb1c7487b39b9d9f9cdb58e6c79dc5",
                "sha256:f826e31d18b516f653fe296d967d700fddad5901ae07c622bb3705955e1faa94",
                "sha256:f8ba0e8349a38d3001fae7eadded3f6606f0da5d748ee53cc1dab1d6527b9509",
                "sha256:f9081981fe268bd86831e5c75f7de206ef275defcb82bc70740ae6dc507aee51",
                "sha256:fa130dd50c57d53368c9d59395cb5526eda596d3ffe36666cd81a44d56e48872"
            ],
            "markers": "python_version >= '3.6'",
            "version": "==2.0.1"
        },
        "marshmallow": {
            "hashes": [
                "sha256:04438610bc6dadbdddb22a4a55bcc7f6f8099e69580b2e67f5a681933a1f4400",
                "sha256:4c05c1684e0e97fe779c62b91878f173b937fe097b356cd82f793464f5bc6138"
            ],
            "markers": "python_version >= '3.6'",
            "version": "==3.14.1"
        },
        "neo4j": {
            "hashes": [
                "sha256:6b61d6b0a98f775dba7260009be549574b0f0bf6ea2d6a2bd1eb72ecbbed7308"
            ],
            "index": "pypi",
            "version": "==4.4.1"
        },
        "numpy": {
            "hashes": [
                "sha256:03ae5850619abb34a879d5f2d4bb4dcd025d6d8fb72f5e461dae84edccfe129f",
                "sha256:076aee5a3763d41da6bef9565fdf3cb987606f567cd8b104aded2b38b7b47abf",
                "sha256:0b536b6840e84c1c6a410f3a5aa727821e6108f3454d81a5cd5900999ef04f89",
                "sha256:15efb7b93806d438e3bc590ca8ef2f953b0ce4f86f337ef4559d31ec6cf9d7dd",
                "sha256:168259b1b184aa83a514f307352c25c56af111c269ffc109d9704e81f72e764b",
                "sha256:2638389562bda1635b564490d76713695ff497242a83d9b684d27bb4a6cc9d7a",
                "sha256:3556c5550de40027d3121ebbb170f61bbe19eb639c7ad0c7b482cd9b560cd23b",
                "sha256:4a176959b6e7e00b5a0d6f549a479f869829bfd8150282c590deee6d099bbb6e",
                "sha256:515a8b6edbb904594685da6e176ac9fbea8f73a5ebae947281de6613e27f1956",
                "sha256:55535c7c2f61e2b2fc817c5cbe1af7cb907c7f011e46ae0a52caa4be1f19afe2",
                "sha256:59153979d60f5bfe9e4c00e401e24dfe0469ef8da6d68247439d3278f30a180f",
                "sha256:60cb8e5933193a3cc2912ee29ca331e9c15b2da034f76159b7abc520b3d1233a",
                "sha256:6767ad399e9327bfdbaa40871be4254d1995f4a3ca3806127f10cec778bd9896",
                "sha256:76a4f9bce0278becc2da7da3b8ef854bed41a991f4226911a24a9711baad672c",
                "sha256:8cf33634b60c9cef346663a222d9841d3bbbc0a2f00221d6bcfd0d993d5543f6",
                "sha256:94dd11d9f13ea1be17bac39c1942f527cbf7065f94953cf62dfe805653da2f8f",
                "sha256:aafa46b5a39a27aca566198d3312fb3bde95ce9677085efd02c86f7ef6be4ec7",
                "sha256:badca914580eb46385e7f7e4e426fea6de0a37b9e06bec252e481ae7ec287082",
                "sha256:d76a26c5118c4d96e264acc9e3242d72e1a2b92e739807b3b69d8d47684b6677"
            ],
            "markers": "python_version >= '3.8'",
            "version": "==1.22.2"
        },
        "pandas": {
            "hashes": [
                "sha256:0259cd11e7e6125aaea3af823b80444f3adad6149ff4c97fef760093598b3e34",
                "sha256:04dd15d9db538470900c851498e532ef28d4e56bfe72c9523acb32042de43dfb",
                "sha256:0b1a13f647e4209ed7dbb5da3497891d0045da9785327530ab696417ef478f84",
                "sha256:19f7c632436b1b4f84615c3b127bbd7bc603db95e3d4332ed259dc815c9aaa26",
                "sha256:1b384516dbb4e6aae30e3464c2e77c563da5980440fbdfbd0968e3942f8f9d70",
                "sha256:1d85d5f6be66dfd6d1d8d13b9535e342a2214260f1852654b19fa4d7b8d1218b",
                "sha256:2e5a7a1e0ecaac652326af627a3eca84886da9e667d68286866d4e33f6547caf",
                "sha256:3129a35d9dad1d80c234dd78f8f03141b914395d23f97cf92a366dcd19f8f8bf",
                "sha256:358b0bc98a5ff067132d23bf7a2242ee95db9ea5b7bbc401cf79205f11502fd3",
                "sha256:3dfb32ed50122fe8c5e7f2b8d97387edd742cc78f9ec36f007ee126cd3720907",
                "sha256:4e1176f45981c8ccc8161bc036916c004ca51037a7ed73f2d2a9857e6dbe654f",
                "sha256:508c99debccd15790d526ce6b1624b97a5e1e4ca5b871319fb0ebfd46b8f4dad",
                "sha256:6105af6533f8b63a43ea9f08a2ede04e8f43e49daef0209ab0d30352bcf08bee",
                "sha256:6d6ad1da00c7cc7d8dd1559a6ba59ba3973be6b15722d49738b2be0977eb8a0c",
                "sha256:7ea47ba1d6f359680130bd29af497333be6110de8f4c35b9211eec5a5a9630fa",
                "sha256:8db93ec98ac7cb5f8ac1420c10f5e3c43533153f253fe7fb6d891cf5aa2b80d2",
                "sha256:96e9ece5759f9b47ae43794b6359bbc54805d76e573b161ae770c1ea59393106",
                "sha256:bbb15ad79050e8b8d39ec40dd96a30cd09b886a2ae8848d0df1abba4d5502a67",
                "sha256:c614001129b2a5add5e3677c3a213a9e6fd376204cb8d17c04e84ff7dfc02a73",
                "sha256:e6a7bbbb7950063bfc942f8794bc3e31697c020a14f1cd8905fc1d28ec674a01",
                "sha256:f02e85e6d832be37d7f16cf6ac8bb26b519ace3e5f3235564a91c7f658ab2a43"
            ],
            "index": "pypi",
            "version": "==1.4.1"
        },
        "patsy": {
            "hashes": [
                "sha256:5053de7804676aba62783dbb0f23a2b3d74e35e5bfa238b88b7cbf148a38b69d",
                "sha256:cc80955ae8c13a7e7c4051eda7b277c8f909f50bc7d73e124bc38e2ee3d95041"
            ],
            "version": "==0.5.2"
        },
        "python-dateutil": {
            "hashes": [
                "sha256:0123cacc1627ae19ddf3c27a5de5bd67ee4586fbdd6440d9748f8abb483d3e86",
                "sha256:961d03dc3453ebbc59dbdea9e4e11c5651520a876d0f4db161e8674aae935da9"
            ],
            "markers": "python_version >= '2.7' and python_version not in '3.0, 3.1, 3.2, 3.3'",
            "version": "==2.8.2"
        },
        "pytz": {
            "hashes": [
                "sha256:3672058bc3453457b622aab7a1c3bfd5ab0bdae451512f6cf25f64ed37f5b87c",
                "sha256:acad2d8b20a1af07d4e4c9d2e9285c5ed9104354062f275f3fcd88dcef4f1326"
            ],
            "version": "==2021.3"
        },
        "redis": {
            "hashes": [
                "sha256:c8481cf414474e3497ec7971a1ba9b998c8efad0f0d289a009a5bbef040894f9",
                "sha256:ccf692811f2c1fc7a92b466aa2599e4a6d2d73d5f736a2c70be600657c0da34a"
            ],
            "index": "pypi",
            "version": "==4.0.2"
        },
        "scipy": {
            "hashes": [
                "sha256:033ce76ed4e9f62923e1f8124f7e2b0800db533828c853b402c7eec6e9465d80",
                "sha256:173308efba2270dcd61cd45a30dfded6ec0085b4b6eb33b5eb11ab443005e088",
                "sha256:21b66200cf44b1c3e86495e3a436fc7a26608f92b8d43d344457c54f1c024cbc",
                "sha256:2c56b820d304dffcadbbb6cbfbc2e2c79ee46ea291db17e288e73cd3c64fefa9",
                "sha256:304dfaa7146cffdb75fbf6bb7c190fd7688795389ad060b970269c8576d038e9",
                "sha256:3f78181a153fa21c018d346f595edd648344751d7f03ab94b398be2ad083ed3e",
                "sha256:4d242d13206ca4302d83d8a6388c9dfce49fc48fdd3c20efad89ba12f785bf9e",
                "sha256:5d1cc2c19afe3b5a546ede7e6a44ce1ff52e443d12b231823268019f608b9b12",
                "sha256:5f2cfc359379c56b3a41b17ebd024109b2049f878badc1e454f31418c3a18436",
                "sha256:65bd52bf55f9a1071398557394203d881384d27b9c2cad7df9a027170aeaef93",
                "sha256:7edd9a311299a61e9919ea4192dd477395b50c014cdc1a1ac572d7c27e2207fa",
                "sha256:8499d9dd1459dc0d0fe68db0832c3d5fc1361ae8e13d05e6849b358dc3f2c279",
                "sha256:866ada14a95b083dd727a845a764cf95dd13ba3dc69a16b99038001b05439709",
                "sha256:87069cf875f0262a6e3187ab0f419f5b4280d3dcf4811ef9613c605f6e4dca95",
                "sha256:93378f3d14fff07572392ce6a6a2ceb3a1f237733bd6dcb9eb6a2b29b0d19085",
                "sha256:95c2d250074cfa76715d58830579c64dff7354484b284c2b8b87e5a38321672c",
                "sha256:ab5875facfdef77e0a47d5fd39ea178b58e60e454a4c85aa1e52fcb80db7babf",
                "sha256:b0e0aeb061a1d7dcd2ed59ea57ee56c9b23dd60100825f98238c06ee5cc4467e",
                "sha256:b78a35c5c74d336f42f44106174b9851c783184a85a3fe3e68857259b37b9ffb",
                "sha256:c9e04d7e9b03a8a6ac2045f7c5ef741be86727d8f49c45db45f244bdd2bcff17",
                "sha256:ca36e7d9430f7481fc7d11e015ae16fbd5575615a8e9060538104778be84addf",
                "sha256:ceebc3c4f6a109777c0053dfa0282fddb8893eddfb0d598574acfb734a926168",
                "sha256:e2c036492e673aad1b7b0d0ccdc0cb30a968353d2c4bf92ac8e73509e1bf212c",
                "sha256:eb326658f9b73c07081300daba90a8746543b5ea177184daed26528273157294",
                "sha256:eb7ae2c4dbdb3c9247e07acc532f91077ae6dbc40ad5bd5dca0bb5a176ee9bda",
                "sha256:edad1cf5b2ce1912c4d8ddad20e11d333165552aba262c882e28c78bbc09dbf6",
                "sha256:eef93a446114ac0193a7b714ce67659db80caf940f3232bad63f4c7a81bc18df",
                "sha256:f7eaea089345a35130bc9a39b89ec1ff69c208efa97b3f8b25ea5d4c41d88094",
                "sha256:f99d206db1f1ae735a8192ab93bd6028f3a42f6fa08467d37a14eb96c9dd34a3"
            ],
            "index": "pypi",
            "version": "==1.7.3"
        },
        "setuptools": {
            "hashes": [
                "sha256:716f9d20b4c3513d1720245eb1dac009b40c9694c88e940e54b67b8b65d09493",
                "sha256:d181db00651bce5268b8f559795053d5e8f645e4dbafac6d262b22d7e72e19eb"
            ],
            "markers": "python_version >= '3.7'",
            "version": "==60.9.0"
        },
        "six": {
            "hashes": [
                "sha256:1e61c37477a1626458e36f7b1d82aa5c9b094fa4802892072e49de9c60c4c926",
                "sha256:8abb2f1d86890a2dfb989f9a77cfcfd3e47c2a354b01111771326f8aa26e0254"
            ],
            "markers": "python_version >= '2.7' and python_version not in '3.0, 3.1, 3.2, 3.3'",
            "version": "==1.16.0"
        },
        "statsmodels": {
            "hashes": [
                "sha256:006ec8d896d238873af8178d5475203844f2c391194ed8d42ddac37f5ff77a69",
                "sha256:07031985eb97190b8fef29c818ced065738de9043a886d11896ba40c90b64e07",
                "sha256:0caa9f4d544c84a9e656946865dce17eb7cc32a9d3aff86bdbac7e87928341f1",
                "sha256:0cccdce24b00b30206ac9a17a963a51ba07d98931ae70e5b8b57ddc896527e83",
                "sha256:0d5dec29a9106e4c5b2705b43b516fa02011858a79b3cd53d65704e5258beb03",
                "sha256:12695c4a402ca136f00fae895fa1f4d58f05cbcac152b3d76edf49c64da4caca",
                "sha256:1634fad45c14f703c886fdbaf9a7c5b22514338bab5d30e17167a2bfe7ef93cd",
                "sha256:187c19d27764b6b06322eaa1e3443e9db703a7254df8291d642c4c630e10cc43",
                "sha256:2a0a154c294171c775c67cd9a8d9adb69a5bc29f2c203632b7d5f191cc7e2c81",
                "sha256:2c06e63be9d6ce367c548c95abec85af6ad7495d8d665549424af86cfbc63d1f",
                "sha256:2e156ea80804b2da5bade1ec8d8c87c795971c12fa9a8eaf7023d6a12a21d398",
                "sha256:3ccb2d8d95bd3890647f4f3bdd8e7d9059878ffda9fb7c29653ff8a7aad430ea",
                "sha256:50009b170800c7ae9635dc9eed57c50a6caa5fd0055afac7fd87510eeb6a7f83",
                "sha256:723fa3511814579fb837b13648d2d90282475baef186353d1a04b51a4b1ab50f",
                "sha256:731391b28949deebb463810a213d05a344f00d739f49d4cc16873474bd28fba0",
                "sha256:7dc2bdfb9ba92e4d306d6e6a24f29006ab0e52dc500af7d3ad576ff00831d276",
                "sha256:8483e09b5d1583fc23f029440b1e7ef2ea52227d084ffe944a5f8222aadb9e4d",
                "sha256:8fb372e166babc7e976974814c1448891e467dbe77062914377ad5cda5dd2f8a",
                "sha256:92bd818b65cf60b7440876d7428cc069efad018d5ba2b9b35497fb7e221e0ea7",
                "sha256:939859be32cadf53617d6a24c05f3df1a5b03a5444b3ed26ae62ffa9ffe54169",
                "sha256:960e65b7ed1adbe89b8f2c5656ef99bc17dd5d56e334a074883282dce03703cd",
                "sha256:ae0a7265fb00b9d188346b938e4883b5fc0a4fa891b9baf013d9b9fada9cb4d3",
                "sha256:b2fe07732807423a051c3d322ca7bf2f386688482a38c9a9da32539534710aad",
                "sha256:b702959e76036bffe49943fffb23d6a3357b0283967ed97c45f2f0ca835702cb",
                "sha256:b801978a2ba5c490fe20a3d56d52c4efb1219ce4d56d3dc295fa51d1edea4960",
                "sha256:b80b0319df7b7c09e466a19c0e643eefce773c535b08c4de9589a6b81b3df4f1",
                "sha256:b80e72f86769b5862c19ba7257dc21e2b449c99eacd267b12fd41620480402a2",
                "sha256:bc972b34bed07e56d65edfc75f1dfa93ee7c0f00d1efd35b6242bed93b15547d",
                "sha256:d039937c4cf2cccc254db7e4d32df4696b614b9d27cf6756e3ddda2803eb3c8e",
                "sha256:d5667aa19384c4f2520c8e9a09aff1f6538bb4779f1b08fa8ecb9e134dafef69",
                "sha256:d6cc88f7a36681a10d5fea9d557c053eecd12a083c623f31e04208751e01954a",
                "sha256:dbfced7327766960226852c4849e76eec86e222692ca9af69e9bba31dadf7527",
                "sha256:dc3bc435024996d1a11233fd8dbd18ac2f52259c667ff2a2e22c3e1203f44fe5",
                "sha256:e2e8420c5afa623e1e3a4d38eb67c7bf2825c4ea9be40509c2f692f9c9bfaab7",
                "sha256:e54f837ced60857029c198f51df87062a2cd9d620d6202d7c775b1405e66b690",
                "sha256:f39280920007633dba527a7f81d56230a6ffb04a79a9c364d4547fa46136d06f",
                "sha256:fd106fab426969782c755e7be3734c3a6bd960a885b665f2c463bff6112a09f8"
            ],
            "index": "pypi",
            "version": "==0.13.1"
        },
        "urllib3": {
            "hashes": [
                "sha256:000ca7f471a233c2251c6c7023ee85305721bfdf18621ebff4fd17a8653427ed",
                "sha256:0e7c33d9a63e7ddfcb86780aac87befc2fbddf46c58dbb487e0855f7ceec283c"
            ],
            "markers": "python_version >= '2.7' and python_version not in '3.0, 3.1, 3.2, 3.3, 3.4' and python_version < '4'",
            "version": "==1.26.8"
        },
        "webargs": {
            "hashes": [
                "sha256:bb3530b0d37cdc5a5e29d30034dde4351811b9bc345eef21eb070a3ea7562093",
                "sha256:bcce022250ee97cfbb0ad07b02388ac90a226ef4b479ec84317152345a565614"
            ],
            "index": "pypi",
            "version": "==8.0.1"
        },
        "werkzeug": {
            "hashes": [
                "sha256:1421ebfc7648a39a5c58c601b154165d05cf47a3cd0ccb70857cbdacf6c8f2b8",
                "sha256:b863f8ff057c522164b6067c9e28b041161b4be5ba4d0daceeaa50a163822d3c"
            ],
            "markers": "python_version >= '3.6'",
            "version": "==2.0.3"
        },
        "wrapt": {
            "hashes": [
                "sha256:086218a72ec7d986a3eddb7707c8c4526d677c7b35e355875a0fe2918b059179",
                "sha256:0877fe981fd76b183711d767500e6b3111378ed2043c145e21816ee589d91096",
                "sha256:0a017a667d1f7411816e4bf214646d0ad5b1da2c1ea13dec6c162736ff25a374",
                "sha256:0cb23d36ed03bf46b894cfec777eec754146d68429c30431c99ef28482b5c1df",
                "sha256:1fea9cd438686e6682271d36f3481a9f3636195578bab9ca3382e2f5f01fc185",
                "sha256:220a869982ea9023e163ba915077816ca439489de6d2c09089b219f4e11b6785",
                "sha256:25b1b1d5df495d82be1c9d2fad408f7ce5ca8a38085e2da41bb63c914baadff7",
                "sha256:2dded5496e8f1592ec27079b28b6ad2a1ef0b9296d270f77b8e4a3a796cf6909",
                "sha256:2ebdde19cd3c8cdf8df3fc165bc7827334bc4e353465048b36f7deeae8ee0918",
                "sha256:43e69ffe47e3609a6aec0fe723001c60c65305784d964f5007d5b4fb1bc6bf33",
                "sha256:46f7f3af321a573fc0c3586612db4decb7eb37172af1bc6173d81f5b66c2e068",
                "sha256:47f0a183743e7f71f29e4e21574ad3fa95676136f45b91afcf83f6a050914829",
                "sha256:498e6217523111d07cd67e87a791f5e9ee769f9241fcf8a379696e25806965af",
                "sha256:4b9c458732450ec42578b5642ac53e312092acf8c0bfce140ada5ca1ac556f79",
                "sha256:51799ca950cfee9396a87f4a1240622ac38973b6df5ef7a41e7f0b98797099ce",
                "sha256:5601f44a0f38fed36cc07db004f0eedeaadbdcec90e4e90509480e7e6060a5bc",
                "sha256:5f223101f21cfd41deec8ce3889dc59f88a59b409db028c469c9b20cfeefbe36",
                "sha256:610f5f83dd1e0ad40254c306f4764fcdc846641f120c3cf424ff57a19d5f7ade",
                "sha256:6a03d9917aee887690aa3f1747ce634e610f6db6f6b332b35c2dd89412912bca",
                "sha256:705e2af1f7be4707e49ced9153f8d72131090e52be9278b5dbb1498c749a1e32",
                "sha256:766b32c762e07e26f50d8a3468e3b4228b3736c805018e4b0ec8cc01ecd88125",
                "sha256:77416e6b17926d953b5c666a3cb718d5945df63ecf922af0ee576206d7033b5e",
                "sha256:778fd096ee96890c10ce96187c76b3e99b2da44e08c9e24d5652f356873f6709",
                "sha256:78dea98c81915bbf510eb6a3c9c24915e4660302937b9ae05a0947164248020f",
                "sha256:7dd215e4e8514004c8d810a73e342c536547038fb130205ec4bba9f5de35d45b",
                "sha256:7dde79d007cd6dfa65afe404766057c2409316135cb892be4b1c768e3f3a11cb",
                "sha256:81bd7c90d28a4b2e1df135bfbd7c23aee3050078ca6441bead44c42483f9ebfb",
                "sha256:85148f4225287b6a0665eef08a178c15097366d46b210574a658c1ff5b377489",
                "sha256:865c0b50003616f05858b22174c40ffc27a38e67359fa1495605f96125f76640",
                "sha256:87883690cae293541e08ba2da22cacaae0a092e0ed56bbba8d018cc486fbafbb",
                "sha256:8aab36778fa9bba1a8f06a4919556f9f8c7b33102bd71b3ab307bb3fecb21851",
                "sha256:8c73c1a2ec7c98d7eaded149f6d225a692caa1bd7b2401a14125446e9e90410d",
                "sha256:936503cb0a6ed28dbfa87e8fcd0a56458822144e9d11a49ccee6d9a8adb2ac44",
                "sha256:944b180f61f5e36c0634d3202ba8509b986b5fbaf57db3e94df11abee244ba13",
                "sha256:96b81ae75591a795d8c90edc0bfaab44d3d41ffc1aae4d994c5aa21d9b8e19a2",
                "sha256:981da26722bebb9247a0601e2922cedf8bb7a600e89c852d063313102de6f2cb",
                "sha256:ae9de71eb60940e58207f8e71fe113c639da42adb02fb2bcbcaccc1ccecd092b",
                "sha256:b73d4b78807bd299b38e4598b8e7bd34ed55d480160d2e7fdaabd9931afa65f9",
                "sha256:d4a5f6146cfa5c7ba0134249665acd322a70d1ea61732723c7d3e8cc0fa80755",
                "sha256:dd91006848eb55af2159375134d724032a2d1d13bcc6f81cd8d3ed9f2b8e846c",
                "sha256:e05e60ff3b2b0342153be4d1b597bbcfd8330890056b9619f4ad6b8d5c96a81a",
                "sha256:e6906d6f48437dfd80464f7d7af1740eadc572b9f7a4301e7dd3d65db285cacf",
                "sha256:e92d0d4fa68ea0c02d39f1e2f9cb5bc4b4a71e8c442207433d8db47ee79d7aa3",
                "sha256:e94b7d9deaa4cc7bac9198a58a7240aaf87fe56c6277ee25fa5b3aa1edebd229",
                "sha256:ea3e746e29d4000cd98d572f3ee2a6050a4f784bb536f4ac1f035987fc1ed83e",
                "sha256:ec7e20258ecc5174029a0f391e1b948bf2906cd64c198a9b8b281b811cbc04de",
                "sha256:ec9465dd69d5657b5d2fa6133b3e1e989ae27d29471a672416fd729b429eb554",
                "sha256:f122ccd12fdc69628786d0c947bdd9cb2733be8f800d88b5a37c57f1f1d73c10",
                "sha256:f99c0489258086308aad4ae57da9e8ecf9e1f3f30fa35d5e170b4d4896554d80",
                "sha256:f9c51d9af9abb899bd34ace878fbec8bf357b3194a10c4e8e0a25512826ef056",
                "sha256:fd76c47f20984b43d93de9a82011bb6e5f8325df6c9ed4d8310029a55fa361ea"
            ],
            "markers": "python_version >= '2.7' and python_version not in '3.0, 3.1, 3.2, 3.3, 3.4'",
            "version": "==1.13.3"
        }
    },
    "develop": {
        "attrs": {
            "hashes": [
                "sha256:2d27e3784d7a565d36ab851fe94887c5eccd6a463168875832a1be79c82828b4",
                "sha256:626ba8234211db98e869df76230a137c4c40a12d72445c45d5f5b716f076e2fd"
            ],
            "markers": "python_version >= '2.7' and python_version not in '3.0, 3.1, 3.2, 3.3, 3.4'",
            "version": "==21.4.0"
        },
        "iniconfig": {
            "hashes": [
                "sha256:011e24c64b7f47f6ebd835bb12a743f2fbe9a26d4cecaa7f53bc4f35ee9da8b3",
                "sha256:bc3af051d7d14b2ee5ef9969666def0cd1a000e121eaea580d4a313df4b37f32"
            ],
            "version": "==1.1.1"
        },
        "mypy": {
            "hashes": [
                "sha256:13b3c110309b53f5a62aa1b360f598124be33a42563b790a2a9efaacac99f1fc",
                "sha256:140174e872d20d4768124a089b9f9fc83abd6a349b7f8cc6276bc344eb598922",
                "sha256:31895b0b3060baf15bf76e789d94722c026f673b34b774bba9e8772295edccff",
                "sha256:331a81d2c9bf1be25317260a073b41f4584cd11701a7c14facef0aa5a005e843",
                "sha256:40cb062f1b7ff4cd6e897a89d8ddc48c6ad7f326b5277c93a8c559564cc1551c",
                "sha256:41f3575b20714171c832d8f6c7aaaa0d499c9a2d1b8adaaf837b4c9065c38540",
                "sha256:431be889ffc8d9681813a45575c42e341c19467cbfa6dd09bf41467631feb530",
                "sha256:562a0e335222d5bbf5162b554c3afe3745b495d67c7fe6f8b0d1b5bace0c1eeb",
                "sha256:618e677aabd21f30670bffb39a885a967337f5b112c6fb7c79375e6dced605d6",
                "sha256:69b5a835b12fdbfeed84ef31152d41343d32ccb2b345256d8682324409164330",
                "sha256:71c77bd885d2ce44900731d4652d0d1c174dc66a0f11200e0c680bdedf1a6b37",
                "sha256:82e6c15675264e923b60a11d6eb8f90665504352e68edfbb4a79aac7a04caddd",
                "sha256:98b4f91a75fed2e4c6339e9047aba95968d3a7c4b91e92ab9dc62c0c583564f4",
                "sha256:993c2e52ea9570e6e872296c046c946377b9f5e89eeb7afea2a1524cf6e50b27",
                "sha256:9cd316e9705555ca6a50670ba5fb0084d756d1d8cb1697c83820b1456b0bc5f3",
                "sha256:a55438627f5f546192f13255a994d6d1cf2659df48adcf966132b4379fd9c86b",
                "sha256:df0fec878ccfcb2d1d2306ba31aa757848f681e7bbed443318d9bbd4b0d0fe9a",
                "sha256:e091fe58b4475b3504dc7c3022ff7f4af2f9e9ddf7182047111759ed0973bbde",
                "sha256:f8b2059f73878e92eff7ed11a03515d6572f4338a882dd7547b5f7dd242118e6",
                "sha256:ffb1e57ec49a30e3c0ebcfdc910ae4aceb7afb649310b7355509df6b15bd75f6"
            ],
            "index": "pypi",
            "version": "==0.920"
        },
        "mypy-extensions": {
            "hashes": [
                "sha256:090fedd75945a69ae91ce1303b5824f428daf5a028d2f6ab8a299250a846f15d",
                "sha256:2d82818f5bb3e369420cb3c4060a7970edba416647068eb4c5343488a6c604a8"
            ],
            "version": "==0.4.3"
        },
        "packaging": {
            "hashes": [
                "sha256:dd47c42927d89ab911e606518907cc2d3a1f38bbd026385970643f9c5b8ecfeb",
                "sha256:ef103e05f519cdc783ae24ea4e2e0f508a9c99b2d4969652eed6a2e1ea5bd522"
            ],
            "markers": "python_version >= '3.6'",
            "version": "==21.3"
        },
        "pluggy": {
            "hashes": [
                "sha256:4224373bacce55f955a878bf9cfa763c1e360858e330072059e10bad68531159",
                "sha256:74134bbf457f031a36d68416e1509f34bd5ccc019f0bcc952c7b909d06b37bd3"
            ],
            "markers": "python_version >= '3.6'",
            "version": "==1.0.0"
        },
        "py": {
            "hashes": [
                "sha256:51c75c4126074b472f746a24399ad32f6053d1b34b68d2fa41e558e6f4a98719",
                "sha256:607c53218732647dff4acdfcd50cb62615cedf612e72d1724fb1a0cc6405b378"
            ],
            "markers": "python_version >= '2.7' and python_version not in '3.0, 3.1, 3.2, 3.3, 3.4'",
            "version": "==1.11.0"
        },
        "pycodestyle": {
            "hashes": [
                "sha256:720f8b39dde8b293825e7ff02c475f3077124006db4f440dcbc9a20b76548a20",
                "sha256:eddd5847ef438ea1c7870ca7eb78a9d47ce0cdb4851a5523949f2601d0cbbe7f"
            ],
            "index": "pypi",
            "version": "==2.8.0"
        },
        "pyparsing": {
            "hashes": [
                "sha256:18ee9022775d270c55187733956460083db60b37d0d0fb357445f3094eed3eea",
                "sha256:a6c06a88f252e6c322f65faf8f418b16213b51bdfaece0524c1c1bc30c63c484"
            ],
            "markers": "python_version >= '3.6'",
            "version": "==3.0.7"
        },
        "pytest": {
            "hashes": [
                "sha256:131b36680866a76e6781d13f101efb86cf674ebb9762eb70d3082b6f29889e89",
                "sha256:7310f8d27bc79ced999e760ca304d69f6ba6c6649c0b60fb0e04a4a77cacc134"
            ],
            "index": "pypi",
            "version": "==6.2.5"
        },
        "toml": {
            "hashes": [
                "sha256:806143ae5bfb6a3c6e736a764057db0e6a0e05e338b5630894a5f779cabb4f9b",
                "sha256:b3bda1d108d5dd99f4a20d24d9c348e91c4db7ab1b749200bded2f839ccbe68f"
            ],
            "markers": "python_version >= '2.6' and python_version not in '3.0, 3.1, 3.2, 3.3'",
            "version": "==0.10.2"
        },
        "tomli": {
            "hashes": [
                "sha256:939de3e7a6161af0c887ef91b7d41a53e7c5a1ca976325f429cb46ea9bc30ecc",
                "sha256:de526c12914f0c550d15924c62d72abc48d6fe7364aa87328337a31007fe8a4f"
            ],
            "markers": "python_version >= '3.7'",
            "version": "==2.0.1"
        },
        "typing-extensions": {
            "hashes": [
                "sha256:1a9462dcc3347a79b1f1c0271fbe79e844580bb598bafa1ed208b94da3cdcd42",
                "sha256:21c85e0fe4b9a155d0799430b0ad741cdce7e359660ccbd8b530613e8df88ce2"
            ],
            "markers": "python_version >= '3.6'",
            "version": "==4.1.1"
        }
    }
}
